
Microsoft Visual Studio Solution File, Format Version 12.00
# Visual Studio Version 16
VisualStudioVersion = 16.0.30611.23
MinimumVisualStudioVersion = 10.0.40219.1
Project("{FAE04EC0-301F-11D3-BF4B-00C04F79EFBC}") = "RestApi", "RestApi\RestApi.csproj", "{059056B0-8E92-4A6D-9E52-C46061C8F71F}"
EndProject
Global
	GlobalSection(SolutionConfigurationPlatforms) = preSolution
		Debug|Any CPU = Debug|Any CPU
		Release|Any CPU = Release|Any CPU
	EndGlobalSection
	GlobalSection(ProjectConfigurationPlatforms) = postSolution
		{059056B0-8E92-4A6D-9E52-C46061C8F71F}.Debug|Any CPU.ActiveCfg = Debug|Any CPU
		{059056B0-8E92-4A6D-9E52-C46061C8F71F}.Debug|Any CPU.Build.0 = Debug|Any CPU
		{059056B0-8E92-4A6D-9E52-C46061C8F71F}.Release|Any CPU.ActiveCfg = Release|Any CPU
		{059056B0-8E92-4A6D-9E52-C46061C8F71F}.Release|Any CPU.Build.0 = Release|Any CPU
	EndGlobalSection
	GlobalSection(SolutionProperties) = preSolution
		HideSolutionNode = FALSE
	EndGlobalSection
	GlobalSection(ExtensibilityGlobals) = postSolution
		SolutionGuid = {249E67BD-5087-4D7A-83D9-7C57E799D154}
	EndGlobalSection
EndGlobal
